
Microsoft Visual Studio Solution File, Format Version 12.00
# Visual Studio Version 16
VisualStudioVersion = 16.0.31105.61
MinimumVisualStudioVersion = 10.0.40219.1
Project("{FAE04EC0-301F-11D3-BF4B-00C04F79EFBC}") = "WebAPI Project", "WebAPI Project\WebAPI Project.csproj", "{5EED4002-958B-4C5A-894F-1016F6958E9B}"
EndProject
Global
	GlobalSection(SolutionConfigurationPlatforms) = preSolution
		Debug|Any CPU = Debug|Any CPU
		Release|Any CPU = Release|Any CPU
	EndGlobalSection
	GlobalSection(ProjectConfigurationPlatforms) = postSolution
		{5EED4002-958B-4C5A-894F-1016F6958E9B}.Debug|Any CPU.ActiveCfg = Debug|Any CPU
		{5EED4002-958B-4C5A-894F-1016F6958E9B}.Debug|Any CPU.Build.0 = Debug|Any CPU
		{5EED4002-958B-4C5A-894F-1016F6958E9B}.Release|Any CPU.ActiveCfg = Release|Any CPU
		{5EED4002-958B-4C5A-894F-1016F6958E9B}.Release|Any CPU.Build.0 = Release|Any CPU
	EndGlobalSection
	GlobalSection(SolutionProperties) = preSolution
		HideSolutionNode = FALSE
	EndGlobalSection
	GlobalSection(ExtensibilityGlobals) = postSolution
		SolutionGuid = {FF1C59C6-6016-4FE1-9780-EE7463C1E183}
	EndGlobalSection
EndGlobal
